
Microsoft Visual Studio Solution File, Format Version 12.00
# Visual Studio Version 16
VisualStudioVersion = 16.0.30717.126
MinimumVisualStudioVersion = 10.0.40219.1
Project("{FAE04EC0-301F-11D3-BF4B-00C04F79EFBC}") = "Morse encoder decoder (interface C sharp)", "Morse encoder decoder (interface C sharp)\Morse encoder decoder (interface C sharp).csproj", "{D30DE3A6-D611-44DD-910A-A097F2F178F7}"
EndProject
Global
	GlobalSection(SolutionConfigurationPlatforms) = preSolution
		Debug|Any CPU = Debug|Any CPU
		Release|Any CPU = Release|Any CPU
	EndGlobalSection
	GlobalSection(ProjectConfigurationPlatforms) = postSolution
		{D30DE3A6-D611-44DD-910A-A097F2F178F7}.Debug|Any CPU.ActiveCfg = Debug|Any CPU
		{D30DE3A6-D611-44DD-910A-A097F2F178F7}.Debug|Any CPU.Build.0 = Debug|Any CPU
		{D30DE3A6-D611-44DD-910A-A097F2F178F7}.Release|Any CPU.ActiveCfg = Release|Any CPU
		{D30DE3A6-D611-44DD-910A-A097F2F178F7}.Release|Any CPU.Build.0 = Release|Any CPU
	EndGlobalSection
	GlobalSection(SolutionProperties) = preSolution
		HideSolutionNode = FALSE
	EndGlobalSection
	GlobalSection(ExtensibilityGlobals) = postSolution
		SolutionGuid = {F7244DCA-EBC0-4F24-BDEA-305F0D40BBC0}
	EndGlobalSection
EndGlobal
